// !$*UTF8*$!
{
	archiveVersion = 1;
	classes = {
	};
	objectVersion = 55;
	objects = {

/* Begin PBXBuildFile section */
		89314A8F289EACE30057AC19 /* AppDelegate.swift in Sources */ = {isa = PBXBuildFile; fileRef = 89314A8E289EACE30057AC19 /* AppDelegate.swift */; };
		89314A91289EACE30057AC19 /* SceneDelegate.swift in Sources */ = {isa = PBXBuildFile; fileRef = 89314A90289EACE30057AC19 /* SceneDelegate.swift */; };
		89314A93289EACE30057AC19 /* LibraryViewController.swift in Sources */ = {isa = PBXBuildFile; fileRef = 89314A92289EACE30057AC19 /* LibraryViewController.swift */; };
		89314A96289EACE30057AC19 /* Main.storyboard in Resources */ = {isa = PBXBuildFile; fileRef = 89314A94289EACE30057AC19 /* Main.storyboard */; };
		89314A98289EACE60057AC19 /* Assets.xcassets in Resources */ = {isa = PBXBuildFile; fileRef = 89314A97289EACE60057AC19 /* Assets.xcassets */; };
		89314A9B289EACE60057AC19 /* LaunchScreen.storyboard in Resources */ = {isa = PBXBuildFile; fileRef = 89314A99289EACE60057AC19 /* LaunchScreen.storyboard */; };
		89314AB0289EACE60057AC19 /* MoviesTestUITests.swift in Sources */ = {isa = PBXBuildFile; fileRef = 89314AAF289EACE60057AC19 /* MoviesTestUITests.swift */; };
		89314AB2289EACE60057AC19 /* MoviesTestUITestsLaunchTests.swift in Sources */ = {isa = PBXBuildFile; fileRef = 89314AB1289EACE60057AC19 /* MoviesTestUITestsLaunchTests.swift */; };
		89314ABF289EAEB10057AC19 /* MovieStructTests.swift in Sources */ = {isa = PBXBuildFile; fileRef = 89314ABE289EAEB10057AC19 /* MovieStructTests.swift */; };
		89314AC1289EAFBA0057AC19 /* Movie.swift in Sources */ = {isa = PBXBuildFile; fileRef = 89314AC0289EAFBA0057AC19 /* Movie.swift */; };
		89314ACA289EB38B0057AC19 /* MovieManagerTests.swift in Sources */ = {isa = PBXBuildFile; fileRef = 89314AC9289EB38B0057AC19 /* MovieManagerTests.swift */; };
		89314ACC289EB4650057AC19 /* MovieManager.swift in Sources */ = {isa = PBXBuildFile; fileRef = 89314ACB289EB4650057AC19 /* MovieManager.swift */; };
		89CF108F28A3E20B006AC732 /* LibraryTestViewController.swift in Sources */ = {isa = PBXBuildFile; fileRef = 89CF108E28A3E20B006AC732 /* LibraryTestViewController.swift */; };
		89CF109228A3E596006AC732 /* MovieLibraryDataService.swift in Sources */ = {isa = PBXBuildFile; fileRef = 89CF109128A3E596006AC732 /* MovieLibraryDataService.swift */; };
		89CF109528A3ECB2006AC732 /* MovieDataServiceTest.swift in Sources */ = {isa = PBXBuildFile; fileRef = 89CF109428A3ECB2006AC732 /* MovieDataServiceTest.swift */; };
		89CF109F28A580EE006AC732 /* MovieCell.swift in Sources */ = {isa = PBXBuildFile; fileRef = 89CF109E28A580EE006AC732 /* MovieCell.swift */; };
		89CF10A128A582BA006AC732 /* MockExtension.swift in Sources */ = {isa = PBXBuildFile; fileRef = 89CF10A028A582BA006AC732 /* MockExtension.swift */; };
		89CF10A528A66387006AC732 /* MovieCellTests.swift in Sources */ = {isa = PBXBuildFile; fileRef = 89CF10A428A66387006AC732 /* MovieCellTests.swift */; };
/* End PBXBuildFile section */

/* Begin PBXContainerItemProxy section */
		89314AA2289EACE60057AC19 /* PBXContainerItemProxy */ = {
			isa = PBXContainerItemProxy;
			containerPortal = 89314A83289EACE30057AC19 /* Project object */;
			proxyType = 1;
			remoteGlobalIDString = 89314A8A289EACE30057AC19;
			remoteInfo = MoviesTest;
		};
		89314AAC289EACE60057AC19 /* PBXContainerItemProxy */ = {
			isa = PBXContainerItemProxy;
			containerPortal = 89314A83289EACE30057AC19 /* Project object */;
			proxyType = 1;
			remoteGlobalIDString = 89314A8A289EACE30057AC19;
			remoteInfo = MoviesTest;
		};
/* End PBXContainerItemProxy section */

/* Begin PBXFileReference section */
		89314A8B289EACE30057AC19 /* MoviesTest.app */ = {isa = PBXFileReference; explicitFileType = wrapper.application; includeInIndex = 0; path = MoviesTest.app; sourceTree = BUILT_PRODUCTS_DIR; };
		89314A8E289EACE30057AC19 /* AppDelegate.swift */ = {isa = PBXFileReference; lastKnownFileType = sourcecode.swift; path = AppDelegate.swift; sourceTree = "<group>"; };
		89314A90289EACE30057AC19 /* SceneDelegate.swift */ = {isa = PBXFileReference; lastKnownFileType = sourcecode.swift; path = SceneDelegate.swift; sourceTree = "<group>"; };
		89314A92289EACE30057AC19 /* LibraryViewController.swift */ = {isa = PBXFileReference; lastKnownFileType = sourcecode.swift; path = LibraryViewController.swift; sourceTree = "<group>"; };
		89314A95289EACE30057AC19 /* Base */ = {isa = PBXFileReference; lastKnownFileType = file.storyboard; name = Base; path = Base.lproj/Main.storyboard; sourceTree = "<group>"; };
		89314A97289EACE60057AC19 /* Assets.xcassets */ = {isa = PBXFileReference; lastKnownFileType = folder.assetcatalog; path = Assets.xcassets; sourceTree = "<group>"; };
		89314A9A289EACE60057AC19 /* Base */ = {isa = PBXFileReference; lastKnownFileType = file.storyboard; name = Base; path = Base.lproj/LaunchScreen.storyboard; sourceTree = "<group>"; };
		89314A9C289EACE60057AC19 /* Info.plist */ = {isa = PBXFileReference; lastKnownFileType = text.plist.xml; path = Info.plist; sourceTree = "<group>"; };
		89314AA1289EACE60057AC19 /* MoviesTestTests.xctest */ = {isa = PBXFileReference; explicitFileType = wrapper.cfbundle; includeInIndex = 0; path = MoviesTestTests.xctest; sourceTree = BUILT_PRODUCTS_DIR; };
		89314AAB289EACE60057AC19 /* MoviesTestUITests.xctest */ = {isa = PBXFileReference; explicitFileType = wrapper.cfbundle; includeInIndex = 0; path = MoviesTestUITests.xctest; sourceTree = BUILT_PRODUCTS_DIR; };
		89314AAF289EACE60057AC19 /* MoviesTestUITests.swift */ = {isa = PBXFileReference; lastKnownFileType = sourcecode.swift; path = MoviesTestUITests.swift; sourceTree = "<group>"; };
		89314AB1289EACE60057AC19 /* MoviesTestUITestsLaunchTests.swift */ = {isa = PBXFileReference; lastKnownFileType = sourcecode.swift; path = MoviesTestUITestsLaunchTests.swift; sourceTree = "<group>"; };
		89314ABE289EAEB10057AC19 /* MovieStructTests.swift */ = {isa = PBXFileReference; lastKnownFileType = sourcecode.swift; path = MovieStructTests.swift; sourceTree = "<group>"; };
		89314AC0289EAFBA0057AC19 /* Movie.swift */ = {isa = PBXFileReference; lastKnownFileType = sourcecode.swift; path = Movie.swift; sourceTree = "<group>"; };
		89314AC9289EB38B0057AC19 /* MovieManagerTests.swift */ = {isa = PBXFileReference; lastKnownFileType = sourcecode.swift; path = MovieManagerTests.swift; sourceTree = "<group>"; };
		89314ACB289EB4650057AC19 /* MovieManager.swift */ = {isa = PBXFileReference; lastKnownFileType = sourcecode.swift; path = MovieManager.swift; sourceTree = "<group>"; };
		89CF108E28A3E20B006AC732 /* LibraryTestViewController.swift */ = {isa = PBXFileReference; lastKnownFileType = sourcecode.swift; path = LibraryTestViewController.swift; sourceTree = "<group>"; };
		89CF109128A3E596006AC732 /* MovieLibraryDataService.swift */ = {isa = PBXFileReference; lastKnownFileType = sourcecode.swift; path = MovieLibraryDataService.swift; sourceTree = "<group>"; };
		89CF109428A3ECB2006AC732 /* MovieDataServiceTest.swift */ = {isa = PBXFileReference; lastKnownFileType = sourcecode.swift; path = MovieDataServiceTest.swift; sourceTree = "<group>"; };
		89CF109E28A580EE006AC732 /* MovieCell.swift */ = {isa = PBXFileReference; lastKnownFileType = sourcecode.swift; path = MovieCell.swift; sourceTree = "<group>"; };
		89CF10A028A582BA006AC732 /* MockExtension.swift */ = {isa = PBXFileReference; lastKnownFileType = sourcecode.swift; path = MockExtension.swift; sourceTree = "<group>"; };
		89CF10A428A66387006AC732 /* MovieCellTests.swift */ = {isa = PBXFileReference; lastKnownFileType = sourcecode.swift; path = MovieCellTests.swift; sourceTree = "<group>"; };
/* End PBXFileReference section */

/* Begin PBXFrameworksBuildPhase section */
		89314A88289EACE30057AC19 /* Frameworks */ = {
			isa = PBXFrameworksBuildPhase;
			buildActionMask = 2147483647;
			files = (
			);
			runOnlyForDeploymentPostprocessing = 0;
		};
		89314A9E289EACE60057AC19 /* Frameworks */ = {
			isa = PBXFrameworksBuildPhase;
			buildActionMask = 2147483647;
			files = (
			);
			runOnlyForDeploymentPostprocessing = 0;
		};
		89314AA8289EACE60057AC19 /* Frameworks */ = {
			isa = PBXFrameworksBuildPhase;
			buildActionMask = 2147483647;
			files = (
			);
			runOnlyForDeploymentPostprocessing = 0;
		};
/* End PBXFrameworksBuildPhase section */

/* Begin PBXGroup section */
		89314A82289EACE30057AC19 = {
			isa = PBXGroup;
			children = (
				89314A8D289EACE30057AC19 /* MoviesTest */,
				89314AA4289EACE60057AC19 /* MoviesTestTests */,
				89314AAE289EACE60057AC19 /* MoviesTestUITests */,
				89314A8C289EACE30057AC19 /* Products */,
			);
			sourceTree = "<group>";
		};
		89314A8C289EACE30057AC19 /* Products */ = {
			isa = PBXGroup;
			children = (
				89314A8B289EACE30057AC19 /* MoviesTest.app */,
				89314AA1289EACE60057AC19 /* MoviesTestTests.xctest */,
				89314AAB289EACE60057AC19 /* MoviesTestUITests.xctest */,
			);
			name = Products;
			sourceTree = "<group>";
		};
		89314A8D289EACE30057AC19 /* MoviesTest */ = {
			isa = PBXGroup;
			children = (
				89CF109028A3E58A006AC732 /* Data Services */,
				89314AC2289EB2BF0057AC19 /* Application */,
				89314AC5289EB2E00057AC19 /* Models */,
				89314AC3289EB2CA0057AC19 /* View Controllers */,
				89314AC4289EB2D50057AC19 /* Storyboards */,
				89314AC6289EB2E60057AC19 /* Resources */,
				89DB08A128B11CE600BB1CD3 /* Views */,
			);
			path = MoviesTest;
			sourceTree = "<group>";
		};
		89314AA4289EACE60057AC19 /* MoviesTestTests */ = {
			isa = PBXGroup;
			children = (
				89CF10A328A66375006AC732 /* Test Views */,
				89CF109328A3EC9E006AC732 /* Test Data Service */,
				89314AC8289EB3020057AC19 /* Test Controllers */,
				89314AC7289EB2FA0057AC19 /* Test Models */,
				89CF10A228A65882006AC732 /* Mocks */,
			);
			path = MoviesTestTests;
			sourceTree = "<group>";
		};
		89314AAE289EACE60057AC19 /* MoviesTestUITests */ = {
			isa = PBXGroup;
			children = (
				89314AAF289EACE60057AC19 /* MoviesTestUITests.swift */,
				89314AB1289EACE60057AC19 /* MoviesTestUITestsLaunchTests.swift */,
			);
			path = MoviesTestUITests;
			sourceTree = "<group>";
		};
		89314AC2289EB2BF0057AC19 /* Application */ = {
			isa = PBXGroup;
			children = (
				89314A8E289EACE30057AC19 /* AppDelegate.swift */,
				89314A90289EACE30057AC19 /* SceneDelegate.swift */,
				89314A9C289EACE60057AC19 /* Info.plist */,
			);
			path = Application;
			sourceTree = "<group>";
		};
		89314AC3289EB2CA0057AC19 /* View Controllers */ = {
			isa = PBXGroup;
			children = (
				89314A92289EACE30057AC19 /* LibraryViewController.swift */,
			);
			path = "View Controllers";
			sourceTree = "<group>";
		};
		89314AC4289EB2D50057AC19 /* Storyboards */ = {
			isa = PBXGroup;
			children = (
				89314A94289EACE30057AC19 /* Main.storyboard */,
				89314A99289EACE60057AC19 /* LaunchScreen.storyboard */,
			);
			path = Storyboards;
			sourceTree = "<group>";
		};
		89314AC5289EB2E00057AC19 /* Models */ = {
			isa = PBXGroup;
			children = (
				89314AC0289EAFBA0057AC19 /* Movie.swift */,
			);
			path = Models;
			sourceTree = "<group>";
		};
		89314AC6289EB2E60057AC19 /* Resources */ = {
			isa = PBXGroup;
			children = (
				89314A97289EACE60057AC19 /* Assets.xcassets */,
			);
			path = Resources;
			sourceTree = "<group>";
		};
		89314AC7289EB2FA0057AC19 /* Test Models */ = {
			isa = PBXGroup;
			children = (
				89314ABE289EAEB10057AC19 /* MovieStructTests.swift */,
				89314AC9289EB38B0057AC19 /* MovieManagerTests.swift */,
			);
			path = "Test Models";
			sourceTree = "<group>";
		};
		89314AC8289EB3020057AC19 /* Test Controllers */ = {
			isa = PBXGroup;
			children = (
				89CF108E28A3E20B006AC732 /* LibraryTestViewController.swift */,
			);
			path = "Test Controllers";
			sourceTree = "<group>";
		};
		89CF109028A3E58A006AC732 /* Data Services */ = {
			isa = PBXGroup;
			children = (
				89CF109128A3E596006AC732 /* MovieLibraryDataService.swift */,
				89314ACB289EB4650057AC19 /* MovieManager.swift */,
			);
			path = "Data Services";
			sourceTree = "<group>";
		};
		89CF109328A3EC9E006AC732 /* Test Data Service */ = {
			isa = PBXGroup;
			children = (
				89CF109428A3ECB2006AC732 /* MovieDataServiceTest.swift */,
			);
			path = "Test Data Service";
			sourceTree = "<group>";
		};
		89CF10A228A65882006AC732 /* Mocks */ = {
			isa = PBXGroup;
			children = (
				89CF10A028A582BA006AC732 /* MockExtension.swift */,
			);
			path = Mocks;
			sourceTree = "<group>";
		};
		89CF10A328A66375006AC732 /* Test Views */ = {
			isa = PBXGroup;
			children = (
				89CF10A428A66387006AC732 /* MovieCellTests.swift */,
			);
			path = "Test Views";
			sourceTree = "<group>";
		};
		89DB08A128B11CE600BB1CD3 /* Views */ = {
			isa = PBXGroup;
			children = (
				89CF109E28A580EE006AC732 /* MovieCell.swift */,
			);
			path = Views;
			sourceTree = "<group>";
		};
/* End PBXGroup section */

/* Begin PBXNativeTarget section */
		89314A8A289EACE30057AC19 /* MoviesTest */ = {
			isa = PBXNativeTarget;
			buildConfigurationList = 89314AB5289EACE60057AC19 /* Build configuration list for PBXNativeTarget "MoviesTest" */;
			buildPhases = (
				89314A87289EACE30057AC19 /* Sources */,
				89314A88289EACE30057AC19 /* Frameworks */,
				89314A89289EACE30057AC19 /* Resources */,
			);
			buildRules = (
			);
			dependencies = (
			);
			name = MoviesTest;
			productName = MoviesTest;
			productReference = 89314A8B289EACE30057AC19 /* MoviesTest.app */;
			productType = "com.apple.product-type.application";
		};
		89314AA0289EACE60057AC19 /* MoviesTestTests */ = {
			isa = PBXNativeTarget;
			buildConfigurationList = 89314AB8289EACE60057AC19 /* Build configuration list for PBXNativeTarget "MoviesTestTests" */;
			buildPhases = (
				89314A9D289EACE60057AC19 /* Sources */,
				89314A9E289EACE60057AC19 /* Frameworks */,
				89314A9F289EACE60057AC19 /* Resources */,
			);
			buildRules = (
			);
			dependencies = (
				89314AA3289EACE60057AC19 /* PBXTargetDependency */,
			);
			name = MoviesTestTests;
			productName = MoviesTestTests;
			productReference = 89314AA1289EACE60057AC19 /* MoviesTestTests.xctest */;
			productType = "com.apple.product-type.bundle.unit-test";
		};
		89314AAA289EACE60057AC19 /* MoviesTestUITests */ = {
			isa = PBXNativeTarget;
			buildConfigurationList = 89314ABB289EACE60057AC19 /* Build configuration list for PBXNativeTarget "MoviesTestUITests" */;
			buildPhases = (
				89314AA7289EACE60057AC19 /* Sources */,
				89314AA8289EACE60057AC19 /* Frameworks */,
				89314AA9289EACE60057AC19 /* Resources */,
			);
			buildRules = (
			);
			dependencies = (
				89314AAD289EACE60057AC19 /* PBXTargetDependency */,
			);
			name = MoviesTestUITests;
			productName = MoviesTestUITests;
			productReference = 89314AAB289EACE60057AC19 /* MoviesTestUITests.xctest */;
			productType = "com.apple.product-type.bundle.ui-testing";
		};
/* End PBXNativeTarget section */

/* Begin PBXProject section */
		89314A83289EACE30057AC19 /* Project object */ = {
			isa = PBXProject;
			attributes = {
				BuildIndependentTargetsInParallel = 1;
				LastSwiftUpdateCheck = 1340;
				LastUpgradeCheck = 1340;
				TargetAttributes = {
					89314A8A289EACE30057AC19 = {
						CreatedOnToolsVersion = 13.4;
					};
					89314AA0289EACE60057AC19 = {
						CreatedOnToolsVersion = 13.4;
						LastSwiftMigration = 1340;
						TestTargetID = 89314A8A289EACE30057AC19;
					};
					89314AAA289EACE60057AC19 = {
						CreatedOnToolsVersion = 13.4;
						TestTargetID = 89314A8A289EACE30057AC19;
					};
				};
			};
			buildConfigurationList = 89314A86289EACE30057AC19 /* Build configuration list for PBXProject "MoviesTest" */;
			compatibilityVersion = "Xcode 13.0";
			developmentRegion = en;
			hasScannedForEncodings = 0;
			knownRegions = (
				en,
				Base,
			);
			mainGroup = 89314A82289EACE30057AC19;
			productRefGroup = 89314A8C289EACE30057AC19 /* Products */;
			projectDirPath = "";
			projectRoot = "";
			targets = (
				89314A8A289EACE30057AC19 /* MoviesTest */,
				89314AA0289EACE60057AC19 /* MoviesTestTests */,
				89314AAA289EACE60057AC19 /* MoviesTestUITests */,
			);
		};
/* End PBXProject section */

/* Begin PBXResourcesBuildPhase section */
		89314A89289EACE30057AC19 /* Resources */ = {
			isa = PBXResourcesBuildPhase;
			buildActionMask = 2147483647;
			files = (
				89314A9B289EACE60057AC19 /* LaunchScreen.storyboard in Resources */,
				89314A98289EACE60057AC19 /* Assets.xcassets in Resources */,
				89314A96289EACE30057AC19 /* Main.storyboard in Resources */,
			);
			runOnlyForDeploymentPostprocessing = 0;
		};
		89314A9F289EACE60057AC19 /* Resources */ = {
			isa = PBXResourcesBuildPhase;
			buildActionMask = 2147483647;
			files = (
			);
			runOnlyForDeploymentPostprocessing = 0;
		};
		89314AA9289EACE60057AC19 /* Resources */ = {
			isa = PBXResourcesBuildPhase;
			buildActionMask = 2147483647;
			files = (
			);
			runOnlyForDeploymentPostprocessing = 0;
		};
/* End PBXResourcesBuildPhase section */

/* Begin PBXSourcesBuildPhase section */
		89314A87289EACE30057AC19 /* Sources */ = {
			isa = PBXSourcesBuildPhase;
			buildActionMask = 2147483647;
			files = (
				89CF109F28A580EE006AC732 /* MovieCell.swift in Sources */,
				89314A93289EACE30057AC19 /* LibraryViewController.swift in Sources */,
				89314A8F289EACE30057AC19 /* AppDelegate.swift in Sources */,
				89CF109228A3E596006AC732 /* MovieLibraryDataService.swift in Sources */,
				89314ACC289EB4650057AC19 /* MovieManager.swift in Sources */,
				89314AC1289EAFBA0057AC19 /* Movie.swift in Sources */,
				89314A91289EACE30057AC19 /* SceneDelegate.swift in Sources */,
			);
			runOnlyForDeploymentPostprocessing = 0;
		};
		89314A9D289EACE60057AC19 /* Sources */ = {
			isa = PBXSourcesBuildPhase;
			buildActionMask = 2147483647;
			files = (
				89314ACA289EB38B0057AC19 /* MovieManagerTests.swift in Sources */,
				89314ABF289EAEB10057AC19 /* MovieStructTests.swift in Sources */,
				89CF108F28A3E20B006AC732 /* LibraryTestViewController.swift in Sources */,
				89CF109528A3ECB2006AC732 /* MovieDataServiceTest.swift in Sources */,
				89CF10A528A66387006AC732 /* MovieCellTests.swift in Sources */,
				89CF10A128A582BA006AC732 /* MockExtension.swift in Sources */,
			);
			runOnlyForDeploymentPostprocessing = 0;
		};
		89314AA7289EACE60057AC19 /* Sources */ = {
			isa = PBXSourcesBuildPhase;
			buildActionMask = 2147483647;
			files = (
				89314AB0289EACE60057AC19 /* MoviesTestUITests.swift in Sources */,
				89314AB2289EACE60057AC19 /* MoviesTestUITestsLaunchTests.swift in Sources */,
			);
			runOnlyForDeploymentPostprocessing = 0;
		};
/* End PBXSourcesBuildPhase section */

/* Begin PBXTargetDependency section */
		89314AA3289EACE60057AC19 /* PBXTargetDependency */ = {
			isa = PBXTargetDependency;
			target = 89314A8A289EACE30057AC19 /* MoviesTest */;
			targetProxy = 89314AA2289EACE60057AC19 /* PBXContainerItemProxy */;
		};
		89314AAD289EACE60057AC19 /* PBXTargetDependency */ = {
			isa = PBXTargetDependency;
			target = 89314A8A289EACE30057AC19 /* MoviesTest */;
			targetProxy = 89314AAC289EACE60057AC19 /* PBXContainerItemProxy */;
		};
/* End PBXTargetDependency section */

/* Begin PBXVariantGroup section */
		89314A94289EACE30057AC19 /* Main.storyboard */ = {
			isa = PBXVariantGroup;
			children = (
				89314A95289EACE30057AC19 /* Base */,
			);
			name = Main.storyboard;
			sourceTree = "<group>";
		};
		89314A99289EACE60057AC19 /* LaunchScreen.storyboard */ = {
			isa = PBXVariantGroup;
			children = (
				89314A9A289EACE60057AC19 /* Base */,
			);
			name = LaunchScreen.storyboard;
			sourceTree = "<group>";
		};
/* End PBXVariantGroup section */

/* Begin XCBuildConfiguration section */
		89314AB3289EACE60057AC19 /* Debug */ = {
			isa = XCBuildConfiguration;
			buildSettings = {
				ALWAYS_SEARCH_USER_PATHS = NO;
				CLANG_ANALYZER_NONNULL = YES;
				CLANG_ANALYZER_NUMBER_OBJECT_CONVERSION = YES_AGGRESSIVE;
				CLANG_CXX_LANGUAGE_STANDARD = "gnu++17";
				CLANG_ENABLE_MODULES = YES;
				CLANG_ENABLE_OBJC_ARC = YES;
				CLANG_ENABLE_OBJC_WEAK = YES;
				CLANG_WARN_BLOCK_CAPTURE_AUTORELEASING = YES;
				CLANG_WARN_BOOL_CONVERSION = YES;
				CLANG_WARN_COMMA = YES;
				CLANG_WARN_CONSTANT_CONVERSION = YES;
				CLANG_WARN_DEPRECATED_OBJC_IMPLEMENTATIONS = YES;
				CLANG_WARN_DIRECT_OBJC_ISA_USAGE = YES_ERROR;
				CLANG_WARN_DOCUMENTATION_COMMENTS = YES;
				CLANG_WARN_EMPTY_BODY = YES;
				CLANG_WARN_ENUM_CONVERSION = YES;
				CLANG_WARN_INFINITE_RECURSION = YES;
				CLANG_WARN_INT_CONVERSION = YES;
				CLANG_WARN_NON_LITERAL_NULL_CONVERSION = YES;
				CLANG_WARN_OBJC_IMPLICIT_RETAIN_SELF = YES;
				CLANG_WARN_OBJC_LITERAL_CONVERSION = YES;
				CLANG_WARN_OBJC_ROOT_CLASS = YES_ERROR;
				CLANG_WARN_QUOTED_INCLUDE_IN_FRAMEWORK_HEADER = YES;
				CLANG_WARN_RANGE_LOOP_ANALYSIS = YES;
				CLANG_WARN_STRICT_PROTOTYPES = YES;
				CLANG_WARN_SUSPICIOUS_MOVE = YES;
				CLANG_WARN_UNGUARDED_AVAILABILITY = YES_AGGRESSIVE;
				CLANG_WARN_UNREACHABLE_CODE = YES;
				CLANG_WARN__DUPLICATE_METHOD_MATCH = YES;
				COPY_PHASE_STRIP = NO;
				DEBUG_INFORMATION_FORMAT = dwarf;
				ENABLE_STRICT_OBJC_MSGSEND = YES;
				ENABLE_TESTABILITY = YES;
				GCC_C_LANGUAGE_STANDARD = gnu11;
				GCC_DYNAMIC_NO_PIC = NO;
				GCC_NO_COMMON_BLOCKS = YES;
				GCC_OPTIMIZATION_LEVEL = 0;
				GCC_PREPROCESSOR_DEFINITIONS = (
					"DEBUG=1",
					"$(inherited)",
				);
				GCC_WARN_64_TO_32_BIT_CONVERSION = YES;
				GCC_WARN_ABOUT_RETURN_TYPE = YES_ERROR;
				GCC_WARN_UNDECLARED_SELECTOR = YES;
				GCC_WARN_UNINITIALIZED_AUTOS = YES_AGGRESSIVE;
				GCC_WARN_UNUSED_FUNCTION = YES;
				GCC_WARN_UNUSED_VARIABLE = YES;
				IPHONEOS_DEPLOYMENT_TARGET = 15.5;
				MTL_ENABLE_DEBUG_INFO = INCLUDE_SOURCE;
				MTL_FAST_MATH = YES;
				ONLY_ACTIVE_ARCH = YES;
				SDKROOT = iphoneos;
				SWIFT_ACTIVE_COMPILATION_CONDITIONS = DEBUG;
				SWIFT_OPTIMIZATION_LEVEL = "-Onone";
			};
			name = Debug;
		};
		89314AB4289EACE60057AC19 /* Release */ = {
			isa = XCBuildConfiguration;
			buildSettings = {
				ALWAYS_SEARCH_USER_PATHS = NO;
				CLANG_ANALYZER_NONNULL = YES;
				CLANG_ANALYZER_NUMBER_OBJECT_CONVERSION = YES_AGGRESSIVE;
				CLANG_CXX_LANGUAGE_STANDARD = "gnu++17";
				CLANG_ENABLE_MODULES = YES;
				CLANG_ENABLE_OBJC_ARC = YES;
				CLANG_ENABLE_OBJC_WEAK = YES;
				CLANG_WARN_BLOCK_CAPTURE_AUTORELEASING = YES;
				CLANG_WARN_BOOL_CONVERSION = YES;
				CLANG_WARN_COMMA = YES;
				CLANG_WARN_CONSTANT_CONVERSION = YES;
				CLANG_WARN_DEPRECATED_OBJC_IMPLEMENTATIONS = YES;
				CLANG_WARN_DIRECT_OBJC_ISA_USAGE = YES_ERROR;
				CLANG_WARN_DOCUMENTATION_COMMENTS = YES;
				CLANG_WARN_EMPTY_BODY = YES;
				CLANG_WARN_ENUM_CONVERSION = YES;
				CLANG_WARN_INFINITE_RECURSION = YES;
				CLANG_WARN_INT_CONVERSION = YES;
				CLANG_WARN_NON_LITERAL_NULL_CONVERSION = YES;
				CLANG_WARN_OBJC_IMPLICIT_RETAIN_SELF = YES;
				CLANG_WARN_OBJC_LITERAL_CONVERSION = YES;
				CLANG_WARN_OBJC_ROOT_CLASS = YES_ERROR;
				CLANG_WARN_QUOTED_INCLUDE_IN_FRAMEWORK_HEADER = YES;
				CLANG_WARN_RANGE_LOOP_ANALYSIS = YES;
				CLANG_WARN_STRICT_PROTOTYPES = YES;
				CLANG_WARN_SUSPICIOUS_MOVE = YES;
				CLANG_WARN_UNGUARDED_AVAILABILITY = YES_AGGRESSIVE;
				CLANG_WARN_UNREACHABLE_CODE = YES;
				CLANG_WARN__DUPLICATE_METHOD_MATCH = YES;
				COPY_PHASE_STRIP = NO;
				DEBUG_INFORMATION_FORMAT = "dwarf-with-dsym";
				ENABLE_NS_ASSERTIONS = NO;
				ENABLE_STRICT_OBJC_MSGSEND = YES;
				GCC_C_LANGUAGE_STANDARD = gnu11;
				GCC_NO_COMMON_BLOCKS = YES;
				GCC_WARN_64_TO_32_BIT_CONVERSION = YES;
				GCC_WARN_ABOUT_RETURN_TYPE = YES_ERROR;
				GCC_WARN_UNDECLARED_SELECTOR = YES;
				GCC_WARN_UNINITIALIZED_AUTOS = YES_AGGRESSIVE;
				GCC_WARN_UNUSED_FUNCTION = YES;
				GCC_WARN_UNUSED_VARIABLE = YES;
				IPHONEOS_DEPLOYMENT_TARGET = 15.5;
				MTL_ENABLE_DEBUG_INFO = NO;
				MTL_FAST_MATH = YES;
				SDKROOT = iphoneos;
				SWIFT_COMPILATION_MODE = wholemodule;
				SWIFT_OPTIMIZATION_LEVEL = "-O";
				VALIDATE_PRODUCT = YES;
			};
			name = Release;
		};
		89314AB6289EACE60057AC19 /* Debug */ = {
			isa = XCBuildConfiguration;
			buildSettings = {
				ASSETCATALOG_COMPILER_APPICON_NAME = AppIcon;
				ASSETCATALOG_COMPILER_GLOBAL_ACCENT_COLOR_NAME = AccentColor;
				CODE_SIGN_STYLE = Automatic;
				CURRENT_PROJECT_VERSION = 1;
				DEVELOPMENT_TEAM = V2AAW35578;
				GENERATE_INFOPLIST_FILE = YES;
				INFOPLIST_FILE = MoviesTest/Application/Info.plist;
				INFOPLIST_KEY_UIApplicationSupportsIndirectInputEvents = YES;
				INFOPLIST_KEY_UILaunchStoryboardName = LaunchScreen;
				INFOPLIST_KEY_UIMainStoryboardFile = Main;
				INFOPLIST_KEY_UISupportedInterfaceOrientations_iPad = "UIInterfaceOrientationPortrait UIInterfaceOrientationPortraitUpsideDown UIInterfaceOrientationLandscapeLeft UIInterfaceOrientationLandscapeRight";
				INFOPLIST_KEY_UISupportedInterfaceOrientations_iPhone = "UIInterfaceOrientationPortrait UIInterfaceOrientationLandscapeLeft UIInterfaceOrientationLandscapeRight";
				LD_RUNPATH_SEARCH_PATHS = (
					"$(inherited)",
					"@executable_path/Frameworks",
				);
				MARKETING_VERSION = 1.0;
				PRODUCT_BUNDLE_IDENTIFIER = clown.MoviesTest;
				PRODUCT_NAME = "$(TARGET_NAME)";
				SWIFT_EMIT_LOC_STRINGS = YES;
				SWIFT_VERSION = 5.0;
				TARGETED_DEVICE_FAMILY = "1,2";
			};
			name = Debug;
		};
		89314AB7289EACE60057AC19 /* Release */ = {
			isa = XCBuildConfiguration;
			buildSettings = {
				ASSETCATALOG_COMPILER_APPICON_NAME = AppIcon;
				ASSETCATALOG_COMPILER_GLOBAL_ACCENT_COLOR_NAME = AccentColor;
				CODE_SIGN_STYLE = Automatic;
				CURRENT_PROJECT_VERSION = 1;
				DEVELOPMENT_TEAM = V2AAW35578;
				GENERATE_INFOPLIST_FILE = YES;
				INFOPLIST_FILE = MoviesTest/Application/Info.plist;
				INFOPLIST_KEY_UIApplicationSupportsIndirectInputEvents = YES;
				INFOPLIST_KEY_UILaunchStoryboardName = LaunchScreen;
				INFOPLIST_KEY_UIMainStoryboardFile = Main;
				INFOPLIST_KEY_UISupportedInterfaceOrientations_iPad = "UIInterfaceOrientationPortrait UIInterfaceOrientationPortraitUpsideDown UIInterfaceOrientationLandscapeLeft UIInterfaceOrientationLandscapeRight";
				INFOPLIST_KEY_UISupportedInterfaceOrientations_iPhone = "UIInterfaceOrientationPortrait UIInterfaceOrientationLandscapeLeft UIInterfaceOrientationLandscapeRight";
				LD_RUNPATH_SEARCH_PATHS = (
					"$(inherited)",
					"@executable_path/Frameworks",
				);
				MARKETING_VERSION = 1.0;
				PRODUCT_BUNDLE_IDENTIFIER = clown.MoviesTest;
				PRODUCT_NAME = "$(TARGET_NAME)";
				SWIFT_EMIT_LOC_STRINGS = YES;
				SWIFT_VERSION = 5.0;
				TARGETED_DEVICE_FAMILY = "1,2";
			};
			name = Release;
		};
		89314AB9289EACE60057AC19 /* Debug */ = {
			isa = XCBuildConfiguration;
			buildSettings = {
				ALWAYS_EMBED_SWIFT_STANDARD_LIBRARIES = YES;
				BUNDLE_LOADER = "$(TEST_HOST)";
				CLANG_ENABLE_MODULES = YES;
				CODE_SIGN_STYLE = Automatic;
				CURRENT_PROJECT_VERSION = 1;
				DEVELOPMENT_TEAM = V2AAW35578;
				GENERATE_INFOPLIST_FILE = YES;
				IPHONEOS_DEPLOYMENT_TARGET = 15.5;
				LD_RUNPATH_SEARCH_PATHS = (
					"$(inherited)",
					"@executable_path/Frameworks",
					"@loader_path/Frameworks",
				);
				MARKETING_VERSION = 1.0;
				PRODUCT_BUNDLE_IDENTIFIER = clown.MoviesTestTests;
				PRODUCT_NAME = "$(TARGET_NAME)";
				SWIFT_EMIT_LOC_STRINGS = NO;
				SWIFT_OPTIMIZATION_LEVEL = "-Onone";
				SWIFT_VERSION = 5.0;
				TARGETED_DEVICE_FAMILY = "1,2";
				TEST_HOST = "$(BUILT_PRODUCTS_DIR)/MoviesTest.app/MoviesTest";
			};
			name = Debug;
		};
		89314ABA289EACE60057AC19 /* Release */ = {
			isa = XCBuildConfiguration;
			buildSettings = {
				ALWAYS_EMBED_SWIFT_STANDARD_LIBRARIES = YES;
				BUNDLE_LOADER = "$(TEST_HOST)";
				CLANG_ENABLE_MODULES = YES;
				CODE_SIGN_STYLE = Automatic;
				CURRENT_PROJECT_VERSION = 1;
				DEVELOPMENT_TEAM = V2AAW35578;
				GENERATE_INFOPLIST_FILE = YES;
				IPHONEOS_DEPLOYMENT_TARGET = 15.5;
				LD_RUNPATH_SEARCH_PATHS = (
					"$(inherited)",
					"@executable_path/Frameworks",
					"@loader_path/Frameworks",
				);
				MARKETING_VERSION = 1.0;
				PRODUCT_BUNDLE_IDENTIFIER = clown.MoviesTestTests;
				PRODUCT_NAME = "$(TARGET_NAME)";
				SWIFT_EMIT_LOC_STRINGS = NO;
				SWIFT_VERSION = 5.0;
				TARGETED_DEVICE_FAMILY = "1,2";
				TEST_HOST = "$(BUILT_PRODUCTS_DIR)/MoviesTest.app/MoviesTest";
			};
			name = Release;
		};
		89314ABC289EACE60057AC19 /* Debug */ = {
			isa = XCBuildConfiguration;
			buildSettings = {
				ALWAYS_EMBED_SWIFT_STANDARD_LIBRARIES = YES;
				CODE_SIGN_STYLE = Automatic;
				CURRENT_PROJECT_VERSION = 1;
				DEVELOPMENT_TEAM = V2AAW35578;
				GENERATE_INFOPLIST_FILE = YES;
				MARKETING_VERSION = 1.0;
				PRODUCT_BUNDLE_IDENTIFIER = clown.MoviesTestUITests;
				PRODUCT_NAME = "$(TARGET_NAME)";
				SWIFT_EMIT_LOC_STRINGS = NO;
				SWIFT_VERSION = 5.0;
				TARGETED_DEVICE_FAMILY = "1,2";
				TEST_TARGET_NAME = MoviesTest;
			};
			name = Debug;
		};
		89314ABD289EACE60057AC19 /* Release */ = {
			isa = XCBuildConfiguration;
			buildSettings = {
				ALWAYS_EMBED_SWIFT_STANDARD_LIBRARIES = YES;
				CODE_SIGN_STYLE = Automatic;
				CURRENT_PROJECT_VERSION = 1;
				DEVELOPMENT_TEAM = V2AAW35578;
				GENERATE_INFOPLIST_FILE = YES;
				MARKETING_VERSION = 1.0;
				PRODUCT_BUNDLE_IDENTIFIER = clown.MoviesTestUITests;
				PRODUCT_NAME = "$(TARGET_NAME)";
				SWIFT_EMIT_LOC_STRINGS = NO;
				SWIFT_VERSION = 5.0;
				TARGETED_DEVICE_FAMILY = "1,2";
				TEST_TARGET_NAME = MoviesTest;
			};
			name = Release;
		};
/* End XCBuildConfiguration section */

/* Begin XCConfigurationList section */
		89314A86289EACE30057AC19 /* Build configuration list for PBXProject "MoviesTest" */ = {
			isa = XCConfigurationList;
			buildConfigurations = (
				89314AB3289EACE60057AC19 /* Debug */,
				89314AB4289EACE60057AC19 /* Release */,
			);
			defaultConfigurationIsVisible = 0;
			defaultConfigurationName = Release;
		};
		89314AB5289EACE60057AC19 /* Build configuration list for PBXNativeTarget "MoviesTest" */ = {
			isa = XCConfigurationList;
			buildConfigurations = (
				89314AB6289EACE60057AC19 /* Debug */,
				89314AB7289EACE60057AC19 /* Release */,
			);
			defaultConfigurationIsVisible = 0;
			defaultConfigurationName = Release;
		};
		89314AB8289EACE60057AC19 /* Build configuration list for PBXNativeTarget "MoviesTestTests" */ = {
			isa = XCConfigurationList;
			buildConfigurations = (
				89314AB9289EACE60057AC19 /* Debug */,
				89314ABA289EACE60057AC19 /* Release */,
			);
			defaultConfigurationIsVisible = 0;
			defaultConfigurationName = Release;
		};
		89314ABB289EACE60057AC19 /* Build configuration list for PBXNativeTarget "MoviesTestUITests" */ = {
			isa = XCConfigurationList;
			buildConfigurations = (
				89314ABC289EACE60057AC19 /* Debug */,
				89314ABD289EACE60057AC19 /* Release */,
			);
			defaultConfigurationIsVisible = 0;
			defaultConfigurationName = Release;
		};
/* End XCConfigurationList section */
	};
	rootObject = 89314A83289EACE30057AC19 /* Project object */;
}
